
Microsoft Visual Studio Solution File, Format Version 12.00
# Visual Studio Version 17
VisualStudioVersion = 17.0.31903.59
MinimumVisualStudioVersion = 10.0.40219.1
Project("{FAE04EC0-301F-11D3-BF4B-00C04F79EFBC}") = "HiddenValley.API", "HiddenValley.API\HiddenValley.API.csproj", "{3F492CDE-5665-4C85-B181-7AD5D0738225}"
EndProject
Project("{FAE04EC0-301F-11D3-BF4B-00C04F79EFBC}") = "HiddenValley.Shared", "HiddenValley.Shared\HiddenValley.Shared.csproj", "{2763F016-44EA-4C35-9AB9-58D91D3D3B93}"
EndProject
Project("{FAE04EC0-301F-11D3-BF4B-00C04F79EFBC}") = "HiddenValley.Frontend", "HiddenValley.Frontend\HiddenValley.Frontend.csproj", "{6735B83F-0FCB-41EC-8ACC-413029925BB3}"
EndProject
Project("{FAE04EC0-301F-11D3-BF4B-00C04F79EFBC}") = "HiddenValley.Tests", "HiddenValley.Tests\HiddenValley.Tests.csproj", "{440DB370-4188-4DAE-87D8-E8E0B6AAC8A2}"
Project("{2150E333-8FDC-42A3-9474-1A3956D46DE8}") = "test", "test", "{0C88DD14-F956-CE84-757C-A364CCF449FC}"
EndProject
Project("{FAE04EC0-301F-11D3-BF4B-00C04F79EFBC}") = "HiddenValley.IntegrationTests", "test\HiddenValley.IntegrationTests\HiddenValley.IntegrationTests.csproj", "{CDD743E6-2779-445C-9586-75A604DC969F}"
EndProject
Global
	GlobalSection(SolutionConfigurationPlatforms) = preSolution
		Debug|Any CPU = Debug|Any CPU
		Debug|x64 = Debug|x64
		Debug|x86 = Debug|x86
		Release|Any CPU = Release|Any CPU
		Release|x64 = Release|x64
		Release|x86 = Release|x86
	EndGlobalSection
	GlobalSection(ProjectConfigurationPlatforms) = postSolution
		{3F492CDE-5665-4C85-B181-7AD5D0738225}.Debug|Any CPU.ActiveCfg = Debug|Any CPU
		{3F492CDE-5665-4C85-B181-7AD5D0738225}.Debug|Any CPU.Build.0 = Debug|Any CPU
		{3F492CDE-5665-4C85-B181-7AD5D0738225}.Debug|x64.ActiveCfg = Debug|Any CPU
		{3F492CDE-5665-4C85-B181-7AD5D0738225}.Debug|x64.Build.0 = Debug|Any CPU
		{3F492CDE-5665-4C85-B181-7AD5D0738225}.Debug|x86.ActiveCfg = Debug|Any CPU
		{3F492CDE-5665-4C85-B181-7AD5D0738225}.Debug|x86.Build.0 = Debug|Any CPU
		{3F492CDE-5665-4C85-B181-7AD5D0738225}.Release|Any CPU.ActiveCfg = Release|Any CPU
		{3F492CDE-5665-4C85-B181-7AD5D0738225}.Release|Any CPU.Build.0 = Release|Any CPU
		{3F492CDE-5665-4C85-B181-7AD5D0738225}.Release|x64.ActiveCfg = Release|Any CPU
		{3F492CDE-5665-4C85-B181-7AD5D0738225}.Release|x64.Build.0 = Release|Any CPU
		{3F492CDE-5665-4C85-B181-7AD5D0738225}.Release|x86.ActiveCfg = Release|Any CPU
		{3F492CDE-5665-4C85-B181-7AD5D0738225}.Release|x86.Build.0 = Release|Any CPU
		{2763F016-44EA-4C35-9AB9-58D91D3D3B93}.Debug|Any CPU.ActiveCfg = Debug|Any CPU
		{2763F016-44EA-4C35-9AB9-58D91D3D3B93}.Debug|Any CPU.Build.0 = Debug|Any CPU
		{2763F016-44EA-4C35-9AB9-58D91D3D3B93}.Debug|x64.ActiveCfg = Debug|Any CPU
		{2763F016-44EA-4C35-9AB9-58D91D3D3B93}.Debug|x64.Build.0 = Debug|Any CPU
		{2763F016-44EA-4C35-9AB9-58D91D3D3B93}.Debug|x86.ActiveCfg = Debug|Any CPU
		{2763F016-44EA-4C35-9AB9-58D91D3D3B93}.Debug|x86.Build.0 = Debug|Any CPU
		{2763F016-44EA-4C35-9AB9-58D91D3D3B93}.Release|Any CPU.ActiveCfg = Release|Any CPU
		{2763F016-44EA-4C35-9AB9-58D91D3D3B93}.Release|Any CPU.Build.0 = Release|Any CPU
		{2763F016-44EA-4C35-9AB9-58D91D3D3B93}.Release|x64.ActiveCfg = Release|Any CPU
		{2763F016-44EA-4C35-9AB9-58D91D3D3B93}.Release|x64.Build.0 = Release|Any CPU
		{2763F016-44EA-4C35-9AB9-58D91D3D3B93}.Release|x86.ActiveCfg = Release|Any CPU
		{2763F016-44EA-4C35-9AB9-58D91D3D3B93}.Release|x86.Build.0 = Release|Any CPU
		{6735B83F-0FCB-41EC-8ACC-413029925BB3}.Debug|Any CPU.ActiveCfg = Debug|Any CPU
		{6735B83F-0FCB-41EC-8ACC-413029925BB3}.Debug|Any CPU.Build.0 = Debug|Any CPU
		{6735B83F-0FCB-41EC-8ACC-413029925BB3}.Debug|x64.ActiveCfg = Debug|Any CPU
		{6735B83F-0FCB-41EC-8ACC-413029925BB3}.Debug|x64.Build.0 = Debug|Any CPU
		{6735B83F-0FCB-41EC-8ACC-413029925BB3}.Debug|x86.ActiveCfg = Debug|Any CPU
		{6735B83F-0FCB-41EC-8ACC-413029925BB3}.Debug|x86.Build.0 = Debug|Any CPU
		{6735B83F-0FCB-41EC-8ACC-413029925BB3}.Release|Any CPU.ActiveCfg = Release|Any CPU
		{6735B83F-0FCB-41EC-8ACC-413029925BB3}.Release|Any CPU.Build.0 = Release|Any CPU
		{6735B83F-0FCB-41EC-8ACC-413029925BB3}.Release|x64.ActiveCfg = Release|Any CPU
		{6735B83F-0FCB-41EC-8ACC-413029925BB3}.Release|x64.Build.0 = Release|Any CPU
		{6735B83F-0FCB-41EC-8ACC-413029925BB3}.Release|x86.ActiveCfg = Release|Any CPU
		{6735B83F-0FCB-41EC-8ACC-413029925BB3}.Release|x86.Build.0 = Release|Any CPU
		{440DB370-4188-4DAE-87D8-E8E0B6AAC8A2}.Debug|Any CPU.ActiveCfg = Debug|Any CPU
		{440DB370-4188-4DAE-87D8-E8E0B6AAC8A2}.Debug|Any CPU.Build.0 = Debug|Any CPU
		{440DB370-4188-4DAE-87D8-E8E0B6AAC8A2}.Debug|x64.ActiveCfg = Debug|Any CPU
		{440DB370-4188-4DAE-87D8-E8E0B6AAC8A2}.Debug|x64.Build.0 = Debug|Any CPU
		{440DB370-4188-4DAE-87D8-E8E0B6AAC8A2}.Debug|x86.ActiveCfg = Debug|Any CPU
		{440DB370-4188-4DAE-87D8-E8E0B6AAC8A2}.Debug|x86.Build.0 = Debug|Any CPU
		{440DB370-4188-4DAE-87D8-E8E0B6AAC8A2}.Release|Any CPU.ActiveCfg = Release|Any CPU
		{440DB370-4188-4DAE-87D8-E8E0B6AAC8A2}.Release|Any CPU.Build.0 = Release|Any CPU
		{440DB370-4188-4DAE-87D8-E8E0B6AAC8A2}.Release|x64.ActiveCfg = Release|Any CPU
		{440DB370-4188-4DAE-87D8-E8E0B6AAC8A2}.Release|x64.Build.0 = Release|Any CPU
		{440DB370-4188-4DAE-87D8-E8E0B6AAC8A2}.Release|x86.ActiveCfg = Release|Any CPU
		{440DB370-4188-4DAE-87D8-E8E0B6AAC8A2}.Release|x86.Build.0 = Release|Any CPU
	EndGlobalSection
	GlobalSection(SolutionProperties) = preSolution
		HideSolutionNode = FALSE
	EndGlobalSection
	GlobalSection(NestedProjects) = preSolution
		{CDD743E6-2779-445C-9586-75A604DC969F} = {0C88DD14-F956-CE84-757C-A364CCF449FC}
	EndGlobalSection
EndGlobal
